// !$*UTF8*$!
{
	archiveVersion = 1;
	classes = {
	};
	objectVersion = 50;
	objects = {

/* Begin PBXBuildFile section */
		8CDFC89A27013BEE001B5063 /* AppDelegate.swift in Sources */ = {isa = PBXBuildFile; fileRef = 8CDFC89927013BEE001B5063 /* AppDelegate.swift */; };
		8CDFC89C27013BEE001B5063 /* SceneDelegate.swift in Sources */ = {isa = PBXBuildFile; fileRef = 8CDFC89B27013BEE001B5063 /* SceneDelegate.swift */; };
		8CDFC89E27013BEE001B5063 /* ViewController.swift in Sources */ = {isa = PBXBuildFile; fileRef = 8CDFC89D27013BEE001B5063 /* ViewController.swift */; };
		8CDFC8A127013BEE001B5063 /* Main.storyboard in Resources */ = {isa = PBXBuildFile; fileRef = 8CDFC89F27013BEE001B5063 /* Main.storyboard */; };
		8CDFC8A327013BEF001B5063 /* Assets.xcassets in Resources */ = {isa = PBXBuildFile; fileRef = 8CDFC8A227013BEF001B5063 /* Assets.xcassets */; };
		8CDFC8A627013BEF001B5063 /* LaunchScreen.storyboard in Resources */ = {isa = PBXBuildFile; fileRef = 8CDFC8A427013BEF001B5063 /* LaunchScreen.storyboard */; };
		8CDFC8AF27013BF7001B5063 /* NotionAPI.swift in Sources */ = {isa = PBXBuildFile; fileRef = 8CDFC8AE27013BF7001B5063 /* NotionAPI.swift */; };
		8CDFC8B2270141AA001B5063 /* SearchCell.swift in Sources */ = {isa = PBXBuildFile; fileRef = 8CDFC8B1270141AA001B5063 /* SearchCell.swift */; };
		8CDFC8B827014938001B5063 /* SearchRequest.swift in Sources */ = {isa = PBXBuildFile; fileRef = 8CDFC8B727014938001B5063 /* SearchRequest.swift */; };
		8CDFC8BB27014940001B5063 /* SearchResults.swift in Sources */ = {isa = PBXBuildFile; fileRef = 8CDFC8BA27014940001B5063 /* SearchResults.swift */; };
		8CDFC8BE2701494E001B5063 /* NotionObjectType.swift in Sources */ = {isa = PBXBuildFile; fileRef = 8CDFC8BD2701494E001B5063 /* NotionObjectType.swift */; };
		8CDFC8C127014959001B5063 /* PageObject.swift in Sources */ = {isa = PBXBuildFile; fileRef = 8CDFC8C027014958001B5063 /* PageObject.swift */; };
		8CDFC8C4270149B6001B5063 /* TitleObject.swift in Sources */ = {isa = PBXBuildFile; fileRef = 8CDFC8C3270149B6001B5063 /* TitleObject.swift */; };
/* End PBXBuildFile section */

/* Begin PBXFileReference section */
		8CDFC89627013BEE001B5063 /* NotionPracticeProj7.app */ = {isa = PBXFileReference; explicitFileType = wrapper.application; includeInIndex = 0; path = NotionPracticeProj7.app; sourceTree = BUILT_PRODUCTS_DIR; };
		8CDFC89927013BEE001B5063 /* AppDelegate.swift */ = {isa = PBXFileReference; lastKnownFileType = sourcecode.swift; path = AppDelegate.swift; sourceTree = "<group>"; };
		8CDFC89B27013BEE001B5063 /* SceneDelegate.swift */ = {isa = PBXFileReference; lastKnownFileType = sourcecode.swift; path = SceneDelegate.swift; sourceTree = "<group>"; };
		8CDFC89D27013BEE001B5063 /* ViewController.swift */ = {isa = PBXFileReference; lastKnownFileType = sourcecode.swift; path = ViewController.swift; sourceTree = "<group>"; };
		8CDFC8A027013BEE001B5063 /* Base */ = {isa = PBXFileReference; lastKnownFileType = file.storyboard; name = Base; path = Base.lproj/Main.storyboard; sourceTree = "<group>"; };
		8CDFC8A227013BEF001B5063 /* Assets.xcassets */ = {isa = PBXFileReference; lastKnownFileType = folder.assetcatalog; path = Assets.xcassets; sourceTree = "<group>"; };
		8CDFC8A527013BEF001B5063 /* Base */ = {isa = PBXFileReference; lastKnownFileType = file.storyboard; name = Base; path = Base.lproj/LaunchScreen.storyboard; sourceTree = "<group>"; };
		8CDFC8A727013BEF001B5063 /* Info.plist */ = {isa = PBXFileReference; lastKnownFileType = text.plist.xml; path = Info.plist; sourceTree = "<group>"; };
		8CDFC8AE27013BF7001B5063 /* NotionAPI.swift */ = {isa = PBXFileReference; lastKnownFileType = sourcecode.swift; path = NotionAPI.swift; sourceTree = "<group>"; };
		8CDFC8B1270141AA001B5063 /* SearchCell.swift */ = {isa = PBXFileReference; lastKnownFileType = sourcecode.swift; path = SearchCell.swift; sourceTree = "<group>"; };
		8CDFC8B727014938001B5063 /* SearchRequest.swift */ = {isa = PBXFileReference; lastKnownFileType = sourcecode.swift; path = SearchRequest.swift; sourceTree = "<group>"; };
		8CDFC8BA27014940001B5063 /* SearchResults.swift */ = {isa = PBXFileReference; lastKnownFileType = sourcecode.swift; path = SearchResults.swift; sourceTree = "<group>"; };
		8CDFC8BD2701494E001B5063 /* NotionObjectType.swift */ = {isa = PBXFileReference; lastKnownFileType = sourcecode.swift; path = NotionObjectType.swift; sourceTree = "<group>"; };
		8CDFC8C027014958001B5063 /* PageObject.swift */ = {isa = PBXFileReference; lastKnownFileType = sourcecode.swift; path = PageObject.swift; sourceTree = "<group>"; };
		8CDFC8C3270149B6001B5063 /* TitleObject.swift */ = {isa = PBXFileReference; lastKnownFileType = sourcecode.swift; path = TitleObject.swift; sourceTree = "<group>"; };
/* End PBXFileReference section */

/* Begin PBXFrameworksBuildPhase section */
		8CDFC89327013BEE001B5063 /* Frameworks */ = {
			isa = PBXFrameworksBuildPhase;
			buildActionMask = 2147483647;
			files = (
			);
			runOnlyForDeploymentPostprocessing = 0;
		};
/* End PBXFrameworksBuildPhase section */

/* Begin PBXGroup section */
		8CDFC88D27013BEE001B5063 = {
			isa = PBXGroup;
			children = (
				8CDFC89827013BEE001B5063 /* NotionPracticeProj7 */,
				8CDFC89727013BEE001B5063 /* Products */,
			);
			sourceTree = "<group>";
		};
		8CDFC89727013BEE001B5063 /* Products */ = {
			isa = PBXGroup;
			children = (
				8CDFC89627013BEE001B5063 /* NotionPracticeProj7.app */,
			);
			name = Products;
			sourceTree = "<group>";
		};
		8CDFC89827013BEE001B5063 /* NotionPracticeProj7 */ = {
			isa = PBXGroup;
			children = (
				8CDFC89927013BEE001B5063 /* AppDelegate.swift */,
				8CDFC89B27013BEE001B5063 /* SceneDelegate.swift */,
				8CDFC8C9270181CB001B5063 /* UI */,
				8CDFC8C8270181AE001B5063 /* Networking */,
				8CDFC89F27013BEE001B5063 /* Main.storyboard */,
				8CDFC8A227013BEF001B5063 /* Assets.xcassets */,
				8CDFC8A427013BEF001B5063 /* LaunchScreen.storyboard */,
				8CDFC8A727013BEF001B5063 /* Info.plist */,
			);
			path = NotionPracticeProj7;
			sourceTree = "<group>";
		};
		8CDFC8C8270181AE001B5063 /* Networking */ = {
			isa = PBXGroup;
			children = (
				8CDFC8AE27013BF7001B5063 /* NotionAPI.swift */,
				8CDFC8B727014938001B5063 /* SearchRequest.swift */,
				8CDFC8BA27014940001B5063 /* SearchResults.swift */,
				8CDFC8BD2701494E001B5063 /* NotionObjectType.swift */,
				8CDFC8C027014958001B5063 /* PageObject.swift */,
				8CDFC8C3270149B6001B5063 /* TitleObject.swift */,
			);
			path = Networking;
			sourceTree = "<group>";
		};
		8CDFC8C9270181CB001B5063 /* UI */ = {
			isa = PBXGroup;
			children = (
				8CDFC89D27013BEE001B5063 /* ViewController.swift */,
				8CDFC8B1270141AA001B5063 /* SearchCell.swift */,
			);
			path = UI;
			sourceTree = "<group>";
		};
/* End PBXGroup section */

/* Begin PBXNativeTarget section */
		8CDFC89527013BEE001B5063 /* NotionPracticeProj7 */ = {
			isa = PBXNativeTarget;
			buildConfigurationList = 8CDFC8AA27013BEF001B5063 /* Build configuration list for PBXNativeTarget "NotionPracticeProj7" */;
			buildPhases = (
				8CDFC89227013BEE001B5063 /* Sources */,
				8CDFC89327013BEE001B5063 /* Frameworks */,
				8CDFC89427013BEE001B5063 /* Resources */,
			);
			buildRules = (
			);
			dependencies = (
			);
			name = NotionPracticeProj7;
			productName = NotionPracticeProj7;
			productReference = 8CDFC89627013BEE001B5063 /* NotionPracticeProj7.app */;
			productType = "com.apple.product-type.application";
		};
/* End PBXNativeTarget section */

/* Begin PBXProject section */
		8CDFC88E27013BEE001B5063 /* Project object */ = {
			isa = PBXProject;
			attributes = {
				LastSwiftUpdateCheck = 1240;
				LastUpgradeCheck = 1240;
				TargetAttributes = {
					8CDFC89527013BEE001B5063 = {
						CreatedOnToolsVersion = 12.4;
					};
				};
			};
			buildConfigurationList = 8CDFC89127013BEE001B5063 /* Build configuration list for PBXProject "NotionPracticeProj7" */;
			compatibilityVersion = "Xcode 9.3";
			developmentRegion = en;
			hasScannedForEncodings = 0;
			knownRegions = (
				en,
				Base,
			);
			mainGroup = 8CDFC88D27013BEE001B5063;
			productRefGroup = 8CDFC89727013BEE001B5063 /* Products */;
			projectDirPath = "";
			projectRoot = "";
			targets = (
				8CDFC89527013BEE001B5063 /* NotionPracticeProj7 */,
			);
		};
/* End PBXProject section */

/* Begin PBXResourcesBuildPhase section */
		8CDFC89427013BEE001B5063 /* Resources */ = {
			isa = PBXResourcesBuildPhase;
			buildActionMask = 2147483647;
			files = (
				8CDFC8A627013BEF001B5063 /* LaunchScreen.storyboard in Resources */,
				8CDFC8A327013BEF001B5063 /* Assets.xcassets in Resources */,
				8CDFC8A127013BEE001B5063 /* Main.storyboard in Resources */,
			);
			runOnlyForDeploymentPostprocessing = 0;
		};
/* End PBXResourcesBuildPhase section */

/* Begin PBXSourcesBuildPhase section */
		8CDFC89227013BEE001B5063 /* Sources */ = {
			isa = PBXSourcesBuildPhase;
			buildActionMask = 2147483647;
			files = (
				8CDFC89E27013BEE001B5063 /* ViewController.swift in Sources */,
				8CDFC8C4270149B6001B5063 /* TitleObject.swift in Sources */,
				8CDFC8C127014959001B5063 /* PageObject.swift in Sources */,
				8CDFC8B2270141AA001B5063 /* SearchCell.swift in Sources */,
				8CDFC8BE2701494E001B5063 /* NotionObjectType.swift in Sources */,
				8CDFC89A27013BEE001B5063 /* AppDelegate.swift in Sources */,
				8CDFC8B827014938001B5063 /* SearchRequest.swift in Sources */,
				8CDFC89C27013BEE001B5063 /* SceneDelegate.swift in Sources */,
				8CDFC8BB27014940001B5063 /* SearchResults.swift in Sources */,
				8CDFC8AF27013BF7001B5063 /* NotionAPI.swift in Sources */,
			);
			runOnlyForDeploymentPostprocessing = 0;
		};
/* End PBXSourcesBuildPhase section */

/* Begin PBXVariantGroup section */
		8CDFC89F27013BEE001B5063 /* Main.storyboard */ = {
			isa = PBXVariantGroup;
			children = (
				8CDFC8A027013BEE001B5063 /* Base */,
			);
			name = Main.storyboard;
			sourceTree = "<group>";
		};
		8CDFC8A427013BEF001B5063 /* LaunchScreen.storyboard */ = {
			isa = PBXVariantGroup;
			children = (
				8CDFC8A527013BEF001B5063 /* Base */,
			);
			name = LaunchScreen.storyboard;
			sourceTree = "<group>";
		};
/* End PBXVariantGroup section */

/* Begin XCBuildConfiguration section */
		8CDFC8A827013BEF001B5063 /* Debug */ = {
			isa = XCBuildConfiguration;
			buildSettings = {
				ALWAYS_SEARCH_USER_PATHS = NO;
				CLANG_ANALYZER_NONNULL = YES;
				CLANG_ANALYZER_NUMBER_OBJECT_CONVERSION = YES_AGGRESSIVE;
				CLANG_CXX_LANGUAGE_STANDARD = "gnu++14";
				CLANG_CXX_LIBRARY = "libc++";
				CLANG_ENABLE_MODULES = YES;
				CLANG_ENABLE_OBJC_ARC = YES;
				CLANG_ENABLE_OBJC_WEAK = YES;
				CLANG_WARN_BLOCK_CAPTURE_AUTORELEASING = YES;
				CLANG_WARN_BOOL_CONVERSION = YES;
				CLANG_WARN_COMMA = YES;
				CLANG_WARN_CONSTANT_CONVERSION = YES;
				CLANG_WARN_DEPRECATED_OBJC_IMPLEMENTATIONS = YES;
				CLANG_WARN_DIRECT_OBJC_ISA_USAGE = YES_ERROR;
				CLANG_WARN_DOCUMENTATION_COMMENTS = YES;
				CLANG_WARN_EMPTY_BODY = YES;
				CLANG_WARN_ENUM_CONVERSION = YES;
				CLANG_WARN_INFINITE_RECURSION = YES;
				CLANG_WARN_INT_CONVERSION = YES;
				CLANG_WARN_NON_LITERAL_NULL_CONVERSION = YES;
				CLANG_WARN_OBJC_IMPLICIT_RETAIN_SELF = YES;
				CLANG_WARN_OBJC_LITERAL_CONVERSION = YES;
				CLANG_WARN_OBJC_ROOT_CLASS = YES_ERROR;
				CLANG_WARN_QUOTED_INCLUDE_IN_FRAMEWORK_HEADER = YES;
				CLANG_WARN_RANGE_LOOP_ANALYSIS = YES;
				CLANG_WARN_STRICT_PROTOTYPES = YES;
				CLANG_WARN_SUSPICIOUS_MOVE = YES;
				CLANG_WARN_UNGUARDED_AVAILABILITY = YES_AGGRESSIVE;
				CLANG_WARN_UNREACHABLE_CODE = YES;
				CLANG_WARN__DUPLICATE_METHOD_MATCH = YES;
				COPY_PHASE_STRIP = NO;
				DEBUG_INFORMATION_FORMAT = dwarf;
				ENABLE_STRICT_OBJC_MSGSEND = YES;
				ENABLE_TESTABILITY = YES;
				GCC_C_LANGUAGE_STANDARD = gnu11;
				GCC_DYNAMIC_NO_PIC = NO;
				GCC_NO_COMMON_BLOCKS = YES;
				GCC_OPTIMIZATION_LEVEL = 0;
				GCC_PREPROCESSOR_DEFINITIONS = (
					"DEBUG=1",
					"$(inherited)",
				);
				GCC_WARN_64_TO_32_BIT_CONVERSION = YES;
				GCC_WARN_ABOUT_RETURN_TYPE = YES_ERROR;
				GCC_WARN_UNDECLARED_SELECTOR = YES;
				GCC_WARN_UNINITIALIZED_AUTOS = YES_AGGRESSIVE;
				GCC_WARN_UNUSED_FUNCTION = YES;
				GCC_WARN_UNUSED_VARIABLE = YES;
				IPHONEOS_DEPLOYMENT_TARGET = 14.4;
				MTL_ENABLE_DEBUG_INFO = INCLUDE_SOURCE;
				MTL_FAST_MATH = YES;
				ONLY_ACTIVE_ARCH = YES;
				SDKROOT = iphoneos;
				SWIFT_ACTIVE_COMPILATION_CONDITIONS = DEBUG;
				SWIFT_OPTIMIZATION_LEVEL = "-Onone";
			};
			name = Debug;
		};
		8CDFC8A927013BEF001B5063 /* Release */ = {
			isa = XCBuildConfiguration;
			buildSettings = {
				ALWAYS_SEARCH_USER_PATHS = NO;
				CLANG_ANALYZER_NONNULL = YES;
				CLANG_ANALYZER_NUMBER_OBJECT_CONVERSION = YES_AGGRESSIVE;
				CLANG_CXX_LANGUAGE_STANDARD = "gnu++14";
				CLANG_CXX_LIBRARY = "libc++";
				CLANG_ENABLE_MODULES = YES;
				CLANG_ENABLE_OBJC_ARC = YES;
				CLANG_ENABLE_OBJC_WEAK = YES;
				CLANG_WARN_BLOCK_CAPTURE_AUTORELEASING = YES;
				CLANG_WARN_BOOL_CONVERSION = YES;
				CLANG_WARN_COMMA = YES;
				CLANG_WARN_CONSTANT_CONVERSION = YES;
				CLANG_WARN_DEPRECATED_OBJC_IMPLEMENTATIONS = YES;
				CLANG_WARN_DIRECT_OBJC_ISA_USAGE = YES_ERROR;
				CLANG_WARN_DOCUMENTATION_COMMENTS = YES;
				CLANG_WARN_EMPTY_BODY = YES;
				CLANG_WARN_ENUM_CONVERSION = YES;
				CLANG_WARN_INFINITE_RECURSION = YES;
				CLANG_WARN_INT_CONVERSION = YES;
				CLANG_WARN_NON_LITERAL_NULL_CONVERSION = YES;
				CLANG_WARN_OBJC_IMPLICIT_RETAIN_SELF = YES;
				CLANG_WARN_OBJC_LITERAL_CONVERSION = YES;
				CLANG_WARN_OBJC_ROOT_CLASS = YES_ERROR;
				CLANG_WARN_QUOTED_INCLUDE_IN_FRAMEWORK_HEADER = YES;
				CLANG_WARN_RANGE_LOOP_ANALYSIS = YES;
				CLANG_WARN_STRICT_PROTOTYPES = YES;
				CLANG_WARN_SUSPICIOUS_MOVE = YES;
				CLANG_WARN_UNGUARDED_AVAILABILITY = YES_AGGRESSIVE;
				CLANG_WARN_UNREACHABLE_CODE = YES;
				CLANG_WARN__DUPLICATE_METHOD_MATCH = YES;
				COPY_PHASE_STRIP = NO;
				DEBUG_INFORMATION_FORMAT = "dwarf-with-dsym";
				ENABLE_NS_ASSERTIONS = NO;
				ENABLE_STRICT_OBJC_MSGSEND = YES;
				GCC_C_LANGUAGE_STANDARD = gnu11;
				GCC_NO_COMMON_BLOCKS = YES;
				GCC_WARN_64_TO_32_BIT_CONVERSION = YES;
				GCC_WARN_ABOUT_RETURN_TYPE = YES_ERROR;
				GCC_WARN_UNDECLARED_SELECTOR = YES;
				GCC_WARN_UNINITIALIZED_AUTOS = YES_AGGRESSIVE;
				GCC_WARN_UNUSED_FUNCTION = YES;
				GCC_WARN_UNUSED_VARIABLE = YES;
				IPHONEOS_DEPLOYMENT_TARGET = 14.4;
				MTL_ENABLE_DEBUG_INFO = NO;
				MTL_FAST_MATH = YES;
				SDKROOT = iphoneos;
				SWIFT_COMPILATION_MODE = wholemodule;
				SWIFT_OPTIMIZATION_LEVEL = "-O";
				VALIDATE_PRODUCT = YES;
			};
			name = Release;
		};
		8CDFC8AB27013BEF001B5063 /* Debug */ = {
			isa = XCBuildConfiguration;
			buildSettings = {
				ASSETCATALOG_COMPILER_APPICON_NAME = AppIcon;
				ASSETCATALOG_COMPILER_GLOBAL_ACCENT_COLOR_NAME = AccentColor;
				CODE_SIGN_STYLE = Automatic;
				DEVELOPMENT_TEAM = 445RAN3N26;
				INFOPLIST_FILE = NotionPracticeProj7/Info.plist;
				LD_RUNPATH_SEARCH_PATHS = (
					"$(inherited)",
					"@executable_path/Frameworks",
				);
				PRODUCT_BUNDLE_IDENTIFIER = ValerieDon.NotionPracticeProj7;
				PRODUCT_NAME = "$(TARGET_NAME)";
				SWIFT_VERSION = 5.0;
				TARGETED_DEVICE_FAMILY = "1,2";
			};
			name = Debug;
		};
		8CDFC8AC27013BEF001B5063 /* Release */ = {
			isa = XCBuildConfiguration;
			buildSettings = {
				ASSETCATALOG_COMPILER_APPICON_NAME = AppIcon;
				ASSETCATALOG_COMPILER_GLOBAL_ACCENT_COLOR_NAME = AccentColor;
				CODE_SIGN_STYLE = Automatic;
				DEVELOPMENT_TEAM = 445RAN3N26;
				INFOPLIST_FILE = NotionPracticeProj7/Info.plist;
				LD_RUNPATH_SEARCH_PATHS = (
					"$(inherited)",
					"@executable_path/Frameworks",
				);
				PRODUCT_BUNDLE_IDENTIFIER = ValerieDon.NotionPracticeProj7;
				PRODUCT_NAME = "$(TARGET_NAME)";
				SWIFT_VERSION = 5.0;
				TARGETED_DEVICE_FAMILY = "1,2";
			};
			name = Release;
		};
/* End XCBuildConfiguration section */

/* Begin XCConfigurationList section */
		8CDFC89127013BEE001B5063 /* Build configuration list for PBXProject "NotionPracticeProj7" */ = {
			isa = XCConfigurationList;
			buildConfigurations = (
				8CDFC8A827013BEF001B5063 /* Debug */,
				8CDFC8A927013BEF001B5063 /* Release */,
			);
			defaultConfigurationIsVisible = 0;
			defaultConfigurationName = Release;
		};
		8CDFC8AA27013BEF001B5063 /* Build configuration list for PBXNativeTarget "NotionPracticeProj7" */ = {
			isa = XCConfigurationList;
			buildConfigurations = (
				8CDFC8AB27013BEF001B5063 /* Debug */,
				8CDFC8AC27013BEF001B5063 /* Release */,
			);
			defaultConfigurationIsVisible = 0;
			defaultConfigurationName = Release;
		};
/* End XCConfigurationList section */
	};
	rootObject = 8CDFC88E27013BEE001B5063 /* Project object */;
}
